
Microsoft Visual Studio Solution File, Format Version 12.00
# Visual Studio Version 17
VisualStudioVersion = 17.4.33122.133
MinimumVisualStudioVersion = 10.0.40219.1
Project("{FAE04EC0-301F-11D3-BF4B-00C04F79EFBC}") = "Helper.API", "Helper.API\Helper.API.csproj", "{DD0B80D0-373F-4A02-8372-72D69850EE88}"
EndProject
Project("{FAE04EC0-301F-11D3-BF4B-00C04F79EFBC}") = "Helper.Business", "Helper.Business\Helper.Business.csproj", "{007D6E73-552B-4828-99C0-CADA2CE42FD7}"
EndProject
Project("{FAE04EC0-301F-11D3-BF4B-00C04F79EFBC}") = "Helper.DataAccess", "Helper.DataAccess\Helper.DataAccess.csproj", "{5A41C7ED-C921-41DD-9916-8D776E96BB75}"
EndProject
Project("{FAE04EC0-301F-11D3-BF4B-00C04F79EFBC}") = "Helper.Entites", "Helper.Entites\Helper.Entites.csproj", "{7938E1FB-9A4E-405C-BCC6-FAFBA289F368}"
EndProject
Global
	GlobalSection(SolutionConfigurationPlatforms) = preSolution
		Debug|Any CPU = Debug|Any CPU
		Release|Any CPU = Release|Any CPU
	EndGlobalSection
	GlobalSection(ProjectConfigurationPlatforms) = postSolution
		{DD0B80D0-373F-4A02-8372-72D69850EE88}.Debug|Any CPU.ActiveCfg = Debug|Any CPU
		{DD0B80D0-373F-4A02-8372-72D69850EE88}.Debug|Any CPU.Build.0 = Debug|Any CPU
		{DD0B80D0-373F-4A02-8372-72D69850EE88}.Release|Any CPU.ActiveCfg = Release|Any CPU
		{DD0B80D0-373F-4A02-8372-72D69850EE88}.Release|Any CPU.Build.0 = Release|Any CPU
		{007D6E73-552B-4828-99C0-CADA2CE42FD7}.Debug|Any CPU.ActiveCfg = Debug|Any CPU
		{007D6E73-552B-4828-99C0-CADA2CE42FD7}.Debug|Any CPU.Build.0 = Debug|Any CPU
		{007D6E73-552B-4828-99C0-CADA2CE42FD7}.Release|Any CPU.ActiveCfg = Release|Any CPU
		{007D6E73-552B-4828-99C0-CADA2CE42FD7}.Release|Any CPU.Build.0 = Release|Any CPU
		{5A41C7ED-C921-41DD-9916-8D776E96BB75}.Debug|Any CPU.ActiveCfg = Debug|Any CPU
		{5A41C7ED-C921-41DD-9916-8D776E96BB75}.Debug|Any CPU.Build.0 = Debug|Any CPU
		{5A41C7ED-C921-41DD-9916-8D776E96BB75}.Release|Any CPU.ActiveCfg = Release|Any CPU
		{5A41C7ED-C921-41DD-9916-8D776E96BB75}.Release|Any CPU.Build.0 = Release|Any CPU
		{7938E1FB-9A4E-405C-BCC6-FAFBA289F368}.Debug|Any CPU.ActiveCfg = Debug|Any CPU
		{7938E1FB-9A4E-405C-BCC6-FAFBA289F368}.Debug|Any CPU.Build.0 = Debug|Any CPU
		{7938E1FB-9A4E-405C-BCC6-FAFBA289F368}.Release|Any CPU.ActiveCfg = Release|Any CPU
		{7938E1FB-9A4E-405C-BCC6-FAFBA289F368}.Release|Any CPU.Build.0 = Release|Any CPU
	EndGlobalSection
	GlobalSection(SolutionProperties) = preSolution
		HideSolutionNode = FALSE
	EndGlobalSection
	GlobalSection(ExtensibilityGlobals) = postSolution
		SolutionGuid = {8928954E-D9AD-498C-8FA6-5365FC829E0E}
	EndGlobalSection
EndGlobal
